
Microsoft Visual Studio Solution File, Format Version 12.00
# Visual Studio 14
VisualStudioVersion = 14.0.25420.1
MinimumVisualStudioVersion = 10.0.40219.1
Project("{E24C65DC-7377-472B-9ABA-BC803B73C61A}") = "ReserveSport", "ReserveSport\", "{6EBDE0EB-D9AB-4959-B4CE-0E8964C9A4E8}"
	ProjectSection(WebsiteProperties) = preProject
		TargetFrameworkMoniker = ".NETFramework,Version%3Dv4.5.1"
		Debug.AspNetCompiler.VirtualPath = "/localhost_1179"
		Debug.AspNetCompiler.PhysicalPath = "ReserveSport\"
		Debug.AspNetCompiler.TargetPath = "PrecompiledWeb\localhost_1179\"
		Debug.AspNetCompiler.Updateable = "true"
		Debug.AspNetCompiler.ForceOverwrite = "true"
		Debug.AspNetCompiler.FixedNames = "false"
		Debug.AspNetCompiler.Debug = "True"
		Release.AspNetCompiler.VirtualPath = "/localhost_1179"
		Release.AspNetCompiler.PhysicalPath = "ReserveSport\"
		Release.AspNetCompiler.TargetPath = "PrecompiledWeb\localhost_1179\"
		Release.AspNetCompiler.Updateable = "true"
		Release.AspNetCompiler.ForceOverwrite = "true"
		Release.AspNetCompiler.FixedNames = "false"
		Release.AspNetCompiler.Debug = "False"
		VWDPort = "1179"
		SlnRelativePath = "ReserveSport\"
		DefaultWebSiteLanguage = "Visual C#"
	EndProjectSection
EndProject
Project("{FAE04EC0-301F-11D3-BF4B-00C04F79EFBC}") = "ReservationServices", "ReservationServices\ReservationServices.csproj", "{34F6EC8C-B0AD-4A05-BE70-16C2AB3679F6}"
EndProject
Project("{FAE04EC0-301F-11D3-BF4B-00C04F79EFBC}") = "ReservationApi", "ReservationApi\ReservationApi.csproj", "{BB2B32B7-08E1-4215-AB30-07C3027B6828}"
EndProject
Global
	GlobalSection(SolutionConfigurationPlatforms) = preSolution
		Debug|Any CPU = Debug|Any CPU
		Release|Any CPU = Release|Any CPU
	EndGlobalSection
	GlobalSection(ProjectConfigurationPlatforms) = postSolution
		{6EBDE0EB-D9AB-4959-B4CE-0E8964C9A4E8}.Debug|Any CPU.ActiveCfg = Debug|Any CPU
		{6EBDE0EB-D9AB-4959-B4CE-0E8964C9A4E8}.Debug|Any CPU.Build.0 = Debug|Any CPU
		{6EBDE0EB-D9AB-4959-B4CE-0E8964C9A4E8}.Release|Any CPU.ActiveCfg = Debug|Any CPU
		{6EBDE0EB-D9AB-4959-B4CE-0E8964C9A4E8}.Release|Any CPU.Build.0 = Debug|Any CPU
		{34F6EC8C-B0AD-4A05-BE70-16C2AB3679F6}.Debug|Any CPU.ActiveCfg = Debug|Any CPU
		{34F6EC8C-B0AD-4A05-BE70-16C2AB3679F6}.Debug|Any CPU.Build.0 = Debug|Any CPU
		{34F6EC8C-B0AD-4A05-BE70-16C2AB3679F6}.Release|Any CPU.ActiveCfg = Release|Any CPU
		{34F6EC8C-B0AD-4A05-BE70-16C2AB3679F6}.Release|Any CPU.Build.0 = Release|Any CPU
		{BB2B32B7-08E1-4215-AB30-07C3027B6828}.Debug|Any CPU.ActiveCfg = Debug|Any CPU
		{BB2B32B7-08E1-4215-AB30-07C3027B6828}.Debug|Any CPU.Build.0 = Debug|Any CPU
		{BB2B32B7-08E1-4215-AB30-07C3027B6828}.Release|Any CPU.ActiveCfg = Release|Any CPU
		{BB2B32B7-08E1-4215-AB30-07C3027B6828}.Release|Any CPU.Build.0 = Release|Any CPU
	EndGlobalSection
	GlobalSection(SolutionProperties) = preSolution
		HideSolutionNode = FALSE
	EndGlobalSection
EndGlobal
